
Microsoft Visual Studio Solution File, Format Version 12.00
# Visual Studio Version 17
VisualStudioVersion = 17.5.33627.172
MinimumVisualStudioVersion = 10.0.40219.1
Project("{9A19103F-16F7-4668-BE54-9A1E7A4F7556}") = "SP.Worker", "SP.Worker\SP.Worker.csproj", "{7C980B9D-80D5-4596-9584-E863D2542C6D}"
EndProject
Project("{9A19103F-16F7-4668-BE54-9A1E7A4F7556}") = "SP.SDK", "SP.SDK\SP.SDK.csproj", "{E8C63480-D9AF-44A9-9654-DFB478DCCC1D}"
EndProject
Project("{9A19103F-16F7-4668-BE54-9A1E7A4F7556}") = "SP.Domain", "SP.Domain\SP.Domain.csproj", "{DB1230EA-8BE1-40F8-80F7-C02E59D87658}"
EndProject
Project("{2150E333-8FDC-42A3-9474-1A3956D46DE8}") = "SP.Filters", "SP.Filters", "{082EEC55-0C97-484E-9B1D-6992473298D2}"
EndProject
Project("{9A19103F-16F7-4668-BE54-9A1E7A4F7556}") = "SP.Filters.Volume", "SP.Filters.Volume\SP.Filters.Volume.csproj", "{AC5364A1-1433-4468-A7D4-B5064A58F880}"
EndProject
Project("{9A19103F-16F7-4668-BE54-9A1E7A4F7556}") = "SP.UI", "SP.UI\SP.UI.csproj", "{31775D7C-A876-4BB4-9FA5-71FEC00F6327}"
EndProject
Project("{9A19103F-16F7-4668-BE54-9A1E7A4F7556}") = "SP.Filters.Input", "SP.Filters.Input\SP.Filters.Input.csproj", "{7EAC9022-1094-4902-8838-D3F7557AA972}"
EndProject
Project("{9A19103F-16F7-4668-BE54-9A1E7A4F7556}") = "SP.Filters.Speaker", "SP.Filters.Speaker\SP.Filters.Speaker.csproj", "{F1D235E5-F562-409B-8123-C593F991AD66}"
EndProject
Project("{9A19103F-16F7-4668-BE54-9A1E7A4F7556}") = "SP.Filters.VolumeLevel", "SP.Filters.VolumeLevel\SP.Filters.VolumeLevel.csproj", "{3AF215CC-0CAB-4C61-9EB0-D770E1106A75}"
EndProject
Project("{9A19103F-16F7-4668-BE54-9A1E7A4F7556}") = "SP.Filters.Hub", "SP.Filters.Hub\SP.Filters.Hub.csproj", "{81D0AA16-2763-4201-9DB9-8534C9869DF3}"
EndProject
Project("{9A19103F-16F7-4668-BE54-9A1E7A4F7556}") = "SP.Filters.Peeker", "SP.Filters.Peeker\SP.Filters.Peeker.csproj", "{12DE7682-EBFB-4EEB-A474-5583A8024E69}"
EndProject
Project("{9A19103F-16F7-4668-BE54-9A1E7A4F7556}") = "SP.Filters.WaveVisualizer", "SP.Filters.WaveVisualizer\SP.Filters.WaveVisualizer.csproj", "{96A3D946-BAE0-4E8B-A727-9695129D1E12}"
EndProject
Project("{54435603-DBB4-11D2-8724-00A0C9A8B90C}") = "SP.Installer", "SP.Installer\SP.Installer.vdproj", "{BE7DDBE8-35AB-4841-94DF-C47BA0A58C64}"
EndProject
Project("{FAE04EC0-301F-11D3-BF4B-00C04F79EFBC}") = "SP.Filters.Add", "SP.Filters.Add\SP.Filters.Add.csproj", "{26204F1E-9C2F-46FE-A1E7-2DF4A4A3F1B3}"
EndProject
Project("{FAE04EC0-301F-11D3-BF4B-00C04F79EFBC}") = "SP.Filters.Channel", "SP.Filters.Channel\SP.Filters.Channel.csproj", "{904857FB-7783-41DC-8766-6492A5DCCBAC}"
EndProject
Global
	GlobalSection(SolutionConfigurationPlatforms) = preSolution
		Debug|Any CPU = Debug|Any CPU
		Release|Any CPU = Release|Any CPU
	EndGlobalSection
	GlobalSection(ProjectConfigurationPlatforms) = postSolution
		{7C980B9D-80D5-4596-9584-E863D2542C6D}.Debug|Any CPU.ActiveCfg = Debug|Any CPU
		{7C980B9D-80D5-4596-9584-E863D2542C6D}.Debug|Any CPU.Build.0 = Debug|Any CPU
		{7C980B9D-80D5-4596-9584-E863D2542C6D}.Release|Any CPU.ActiveCfg = Release|Any CPU
		{7C980B9D-80D5-4596-9584-E863D2542C6D}.Release|Any CPU.Build.0 = Release|Any CPU
		{E8C63480-D9AF-44A9-9654-DFB478DCCC1D}.Debug|Any CPU.ActiveCfg = Debug|Any CPU
		{E8C63480-D9AF-44A9-9654-DFB478DCCC1D}.Debug|Any CPU.Build.0 = Debug|Any CPU
		{E8C63480-D9AF-44A9-9654-DFB478DCCC1D}.Release|Any CPU.ActiveCfg = Release|Any CPU
		{E8C63480-D9AF-44A9-9654-DFB478DCCC1D}.Release|Any CPU.Build.0 = Release|Any CPU
		{DB1230EA-8BE1-40F8-80F7-C02E59D87658}.Debug|Any CPU.ActiveCfg = Debug|Any CPU
		{DB1230EA-8BE1-40F8-80F7-C02E59D87658}.Debug|Any CPU.Build.0 = Debug|Any CPU
		{DB1230EA-8BE1-40F8-80F7-C02E59D87658}.Release|Any CPU.ActiveCfg = Release|Any CPU
		{DB1230EA-8BE1-40F8-80F7-C02E59D87658}.Release|Any CPU.Build.0 = Release|Any CPU
		{AC5364A1-1433-4468-A7D4-B5064A58F880}.Debug|Any CPU.ActiveCfg = Debug|Any CPU
		{AC5364A1-1433-4468-A7D4-B5064A58F880}.Debug|Any CPU.Build.0 = Debug|Any CPU
		{AC5364A1-1433-4468-A7D4-B5064A58F880}.Release|Any CPU.ActiveCfg = Release|Any CPU
		{AC5364A1-1433-4468-A7D4-B5064A58F880}.Release|Any CPU.Build.0 = Release|Any CPU
		{31775D7C-A876-4BB4-9FA5-71FEC00F6327}.Debug|Any CPU.ActiveCfg = Debug|Any CPU
		{31775D7C-A876-4BB4-9FA5-71FEC00F6327}.Debug|Any CPU.Build.0 = Debug|Any CPU
		{31775D7C-A876-4BB4-9FA5-71FEC00F6327}.Release|Any CPU.ActiveCfg = Release|Any CPU
		{31775D7C-A876-4BB4-9FA5-71FEC00F6327}.Release|Any CPU.Build.0 = Release|Any CPU
		{7EAC9022-1094-4902-8838-D3F7557AA972}.Debug|Any CPU.ActiveCfg = Debug|Any CPU
		{7EAC9022-1094-4902-8838-D3F7557AA972}.Debug|Any CPU.Build.0 = Debug|Any CPU
		{7EAC9022-1094-4902-8838-D3F7557AA972}.Release|Any CPU.ActiveCfg = Release|Any CPU
		{7EAC9022-1094-4902-8838-D3F7557AA972}.Release|Any CPU.Build.0 = Release|Any CPU
		{F1D235E5-F562-409B-8123-C593F991AD66}.Debug|Any CPU.ActiveCfg = Debug|Any CPU
		{F1D235E5-F562-409B-8123-C593F991AD66}.Debug|Any CPU.Build.0 = Debug|Any CPU
		{F1D235E5-F562-409B-8123-C593F991AD66}.Release|Any CPU.ActiveCfg = Release|Any CPU
		{F1D235E5-F562-409B-8123-C593F991AD66}.Release|Any CPU.Build.0 = Release|Any CPU
		{3AF215CC-0CAB-4C61-9EB0-D770E1106A75}.Debug|Any CPU.ActiveCfg = Debug|Any CPU
		{3AF215CC-0CAB-4C61-9EB0-D770E1106A75}.Debug|Any CPU.Build.0 = Debug|Any CPU
		{3AF215CC-0CAB-4C61-9EB0-D770E1106A75}.Release|Any CPU.ActiveCfg = Release|Any CPU
		{3AF215CC-0CAB-4C61-9EB0-D770E1106A75}.Release|Any CPU.Build.0 = Release|Any CPU
		{81D0AA16-2763-4201-9DB9-8534C9869DF3}.Debug|Any CPU.ActiveCfg = Debug|Any CPU
		{81D0AA16-2763-4201-9DB9-8534C9869DF3}.Debug|Any CPU.Build.0 = Debug|Any CPU
		{81D0AA16-2763-4201-9DB9-8534C9869DF3}.Release|Any CPU.ActiveCfg = Release|Any CPU
		{81D0AA16-2763-4201-9DB9-8534C9869DF3}.Release|Any CPU.Build.0 = Release|Any CPU
		{12DE7682-EBFB-4EEB-A474-5583A8024E69}.Debug|Any CPU.ActiveCfg = Debug|Any CPU
		{12DE7682-EBFB-4EEB-A474-5583A8024E69}.Debug|Any CPU.Build.0 = Debug|Any CPU
		{12DE7682-EBFB-4EEB-A474-5583A8024E69}.Release|Any CPU.ActiveCfg = Release|Any CPU
		{12DE7682-EBFB-4EEB-A474-5583A8024E69}.Release|Any CPU.Build.0 = Release|Any CPU
		{96A3D946-BAE0-4E8B-A727-9695129D1E12}.Debug|Any CPU.ActiveCfg = Debug|Any CPU
		{96A3D946-BAE0-4E8B-A727-9695129D1E12}.Debug|Any CPU.Build.0 = Debug|Any CPU
		{96A3D946-BAE0-4E8B-A727-9695129D1E12}.Release|Any CPU.ActiveCfg = Release|Any CPU
		{96A3D946-BAE0-4E8B-A727-9695129D1E12}.Release|Any CPU.Build.0 = Release|Any CPU
		{BE7DDBE8-35AB-4841-94DF-C47BA0A58C64}.Debug|Any CPU.ActiveCfg = Debug
		{BE7DDBE8-35AB-4841-94DF-C47BA0A58C64}.Release|Any CPU.ActiveCfg = Release
		{26204F1E-9C2F-46FE-A1E7-2DF4A4A3F1B3}.Debug|Any CPU.ActiveCfg = Debug|Any CPU
		{26204F1E-9C2F-46FE-A1E7-2DF4A4A3F1B3}.Debug|Any CPU.Build.0 = Debug|Any CPU
		{26204F1E-9C2F-46FE-A1E7-2DF4A4A3F1B3}.Release|Any CPU.ActiveCfg = Release|Any CPU
		{26204F1E-9C2F-46FE-A1E7-2DF4A4A3F1B3}.Release|Any CPU.Build.0 = Release|Any CPU
		{904857FB-7783-41DC-8766-6492A5DCCBAC}.Debug|Any CPU.ActiveCfg = Debug|Any CPU
		{904857FB-7783-41DC-8766-6492A5DCCBAC}.Debug|Any CPU.Build.0 = Debug|Any CPU
		{904857FB-7783-41DC-8766-6492A5DCCBAC}.Release|Any CPU.ActiveCfg = Release|Any CPU
		{904857FB-7783-41DC-8766-6492A5DCCBAC}.Release|Any CPU.Build.0 = Release|Any CPU
	EndGlobalSection
	GlobalSection(SolutionProperties) = preSolution
		HideSolutionNode = FALSE
	EndGlobalSection
	GlobalSection(NestedProjects) = preSolution
		{AC5364A1-1433-4468-A7D4-B5064A58F880} = {082EEC55-0C97-484E-9B1D-6992473298D2}
		{7EAC9022-1094-4902-8838-D3F7557AA972} = {082EEC55-0C97-484E-9B1D-6992473298D2}
		{F1D235E5-F562-409B-8123-C593F991AD66} = {082EEC55-0C97-484E-9B1D-6992473298D2}
		{3AF215CC-0CAB-4C61-9EB0-D770E1106A75} = {082EEC55-0C97-484E-9B1D-6992473298D2}
		{81D0AA16-2763-4201-9DB9-8534C9869DF3} = {082EEC55-0C97-484E-9B1D-6992473298D2}
		{12DE7682-EBFB-4EEB-A474-5583A8024E69} = {082EEC55-0C97-484E-9B1D-6992473298D2}
		{96A3D946-BAE0-4E8B-A727-9695129D1E12} = {082EEC55-0C97-484E-9B1D-6992473298D2}
		{26204F1E-9C2F-46FE-A1E7-2DF4A4A3F1B3} = {082EEC55-0C97-484E-9B1D-6992473298D2}
		{904857FB-7783-41DC-8766-6492A5DCCBAC} = {082EEC55-0C97-484E-9B1D-6992473298D2}
	EndGlobalSection
	GlobalSection(ExtensibilityGlobals) = postSolution
		SolutionGuid = {49533FDE-3305-4E51-917A-98B409F61AE0}
	EndGlobalSection
EndGlobal
